
Microsoft Visual Studio Solution File, Format Version 12.00
# Visual Studio Version 16
VisualStudioVersion = 16.0.30413.136
MinimumVisualStudioVersion = 10.0.40219.1
Project("{FAE04EC0-301F-11D3-BF4B-00C04F79EFBC}") = "Helloworld3", "Helloworld3.csproj", "{722EF473-E82C-4570-8872-2194A14C310B}"
EndProject
Global
	GlobalSection(SolutionConfigurationPlatforms) = preSolution
		Debug|Any CPU = Debug|Any CPU
		Release|Any CPU = Release|Any CPU
	EndGlobalSection
	GlobalSection(ProjectConfigurationPlatforms) = postSolution
		{722EF473-E82C-4570-8872-2194A14C310B}.Debug|Any CPU.ActiveCfg = Debug|Any CPU
		{722EF473-E82C-4570-8872-2194A14C310B}.Debug|Any CPU.Build.0 = Debug|Any CPU
		{722EF473-E82C-4570-8872-2194A14C310B}.Release|Any CPU.ActiveCfg = Release|Any CPU
		{722EF473-E82C-4570-8872-2194A14C310B}.Release|Any CPU.Build.0 = Release|Any CPU
	EndGlobalSection
	GlobalSection(SolutionProperties) = preSolution
		HideSolutionNode = FALSE
	EndGlobalSection
	GlobalSection(ExtensibilityGlobals) = postSolution
		SolutionGuid = {162F4AF4-5D8B-48F0-B5E0-DCDA11332D7B}
	EndGlobalSection
EndGlobal
